// !$*UTF8*$!
{
	archiveVersion = 1;
	classes = {
	};
	objectVersion = 55;
	objects = {

/* Begin PBXBuildFile section */
		DC3883F72821355300AD8E3C /* SearchCell.swift in Sources */ = {isa = PBXBuildFile; fileRef = DC3883F52821355300AD8E3C /* SearchCell.swift */; };
		DC3883F82821355300AD8E3C /* SearchCell.xib in Resources */ = {isa = PBXBuildFile; fileRef = DC3883F62821355300AD8E3C /* SearchCell.xib */; };
		DC3883FA282139BB00AD8E3C /* Constants.swift in Sources */ = {isa = PBXBuildFile; fileRef = DC3883F9282139BB00AD8E3C /* Constants.swift */; };
		DC3883FF28213F5700AD8E3C /* currentWeatherCell.swift in Sources */ = {isa = PBXBuildFile; fileRef = DC3883FD28213F5700AD8E3C /* currentWeatherCell.swift */; };
		DC38840028213F5700AD8E3C /* currentWeatherCell.xib in Resources */ = {isa = PBXBuildFile; fileRef = DC3883FE28213F5700AD8E3C /* currentWeatherCell.xib */; };
		DC7272A6282F8D580074AE71 /* hourlyTableViewCell.swift in Sources */ = {isa = PBXBuildFile; fileRef = DC7272A4282F8D580074AE71 /* hourlyTableViewCell.swift */; };
		DC7272A7282F8D580074AE71 /* hourlyTableViewCell.xib in Resources */ = {isa = PBXBuildFile; fileRef = DC7272A5282F8D580074AE71 /* hourlyTableViewCell.xib */; };
		DC7272AB282F8E920074AE71 /* hourlyCollectionViewCell.swift in Sources */ = {isa = PBXBuildFile; fileRef = DC7272A9282F8E920074AE71 /* hourlyCollectionViewCell.swift */; };
		DC7272AC282F8E920074AE71 /* hourlyCollectionViewCell.xib in Resources */ = {isa = PBXBuildFile; fileRef = DC7272AA282F8E920074AE71 /* hourlyCollectionViewCell.xib */; };
		DC72B20327E9B6AF0087F8ED /* AppDelegate.swift in Sources */ = {isa = PBXBuildFile; fileRef = DC72B20227E9B6AF0087F8ED /* AppDelegate.swift */; };
		DC72B20527E9B6AF0087F8ED /* SceneDelegate.swift in Sources */ = {isa = PBXBuildFile; fileRef = DC72B20427E9B6AF0087F8ED /* SceneDelegate.swift */; };
		DC72B20727E9B6AF0087F8ED /* WeatherViewController.swift in Sources */ = {isa = PBXBuildFile; fileRef = DC72B20627E9B6AF0087F8ED /* WeatherViewController.swift */; };
		DC72B20A27E9B6AF0087F8ED /* Main.storyboard in Resources */ = {isa = PBXBuildFile; fileRef = DC72B20827E9B6AF0087F8ED /* Main.storyboard */; };
		DC72B20D27E9B6AF0087F8ED /* HiWeather.xcdatamodeld in Sources */ = {isa = PBXBuildFile; fileRef = DC72B20B27E9B6AF0087F8ED /* HiWeather.xcdatamodeld */; };
		DC72B20F27E9B6B00087F8ED /* Assets.xcassets in Resources */ = {isa = PBXBuildFile; fileRef = DC72B20E27E9B6B00087F8ED /* Assets.xcassets */; };
		DC72B21227E9B6B00087F8ED /* LaunchScreen.storyboard in Resources */ = {isa = PBXBuildFile; fileRef = DC72B21027E9B6B00087F8ED /* LaunchScreen.storyboard */; };
		DC72B21D27E9B6B00087F8ED /* HiWeatherTests.swift in Sources */ = {isa = PBXBuildFile; fileRef = DC72B21C27E9B6B00087F8ED /* HiWeatherTests.swift */; };
		DC72B22727E9B6B00087F8ED /* HiWeatherUITests.swift in Sources */ = {isa = PBXBuildFile; fileRef = DC72B22627E9B6B00087F8ED /* HiWeatherUITests.swift */; };
		DC72B22927E9B6B00087F8ED /* HiWeatherUITestsLaunchTests.swift in Sources */ = {isa = PBXBuildFile; fileRef = DC72B22827E9B6B00087F8ED /* HiWeatherUITestsLaunchTests.swift */; };
/* End PBXBuildFile section */

/* Begin PBXContainerItemProxy section */
		DC72B21927E9B6B00087F8ED /* PBXContainerItemProxy */ = {
			isa = PBXContainerItemProxy;
			containerPortal = DC72B1F727E9B6AF0087F8ED /* Project object */;
			proxyType = 1;
			remoteGlobalIDString = DC72B1FE27E9B6AF0087F8ED;
			remoteInfo = HiWeather;
		};
		DC72B22327E9B6B00087F8ED /* PBXContainerItemProxy */ = {
			isa = PBXContainerItemProxy;
			containerPortal = DC72B1F727E9B6AF0087F8ED /* Project object */;
			proxyType = 1;
			remoteGlobalIDString = DC72B1FE27E9B6AF0087F8ED;
			remoteInfo = HiWeather;
		};
/* End PBXContainerItemProxy section */

/* Begin PBXFileReference section */
		DC3883F52821355300AD8E3C /* SearchCell.swift */ = {isa = PBXFileReference; lastKnownFileType = sourcecode.swift; path = SearchCell.swift; sourceTree = "<group>"; };
		DC3883F62821355300AD8E3C /* SearchCell.xib */ = {isa = PBXFileReference; lastKnownFileType = file.xib; path = SearchCell.xib; sourceTree = "<group>"; };
		DC3883F9282139BB00AD8E3C /* Constants.swift */ = {isa = PBXFileReference; lastKnownFileType = sourcecode.swift; path = Constants.swift; sourceTree = "<group>"; };
		DC3883FD28213F5700AD8E3C /* currentWeatherCell.swift */ = {isa = PBXFileReference; lastKnownFileType = sourcecode.swift; path = currentWeatherCell.swift; sourceTree = "<group>"; };
		DC3883FE28213F5700AD8E3C /* currentWeatherCell.xib */ = {isa = PBXFileReference; lastKnownFileType = file.xib; path = currentWeatherCell.xib; sourceTree = "<group>"; };
		DC7272A4282F8D580074AE71 /* hourlyTableViewCell.swift */ = {isa = PBXFileReference; lastKnownFileType = sourcecode.swift; path = hourlyTableViewCell.swift; sourceTree = "<group>"; };
		DC7272A5282F8D580074AE71 /* hourlyTableViewCell.xib */ = {isa = PBXFileReference; lastKnownFileType = file.xib; path = hourlyTableViewCell.xib; sourceTree = "<group>"; };
		DC7272A9282F8E920074AE71 /* hourlyCollectionViewCell.swift */ = {isa = PBXFileReference; lastKnownFileType = sourcecode.swift; path = hourlyCollectionViewCell.swift; sourceTree = "<group>"; };
		DC7272AA282F8E920074AE71 /* hourlyCollectionViewCell.xib */ = {isa = PBXFileReference; lastKnownFileType = file.xib; path = hourlyCollectionViewCell.xib; sourceTree = "<group>"; };
		DC72B1FF27E9B6AF0087F8ED /* HiWeather.app */ = {isa = PBXFileReference; explicitFileType = wrapper.application; includeInIndex = 0; path = HiWeather.app; sourceTree = BUILT_PRODUCTS_DIR; };
		DC72B20227E9B6AF0087F8ED /* AppDelegate.swift */ = {isa = PBXFileReference; lastKnownFileType = sourcecode.swift; path = AppDelegate.swift; sourceTree = "<group>"; };
		DC72B20427E9B6AF0087F8ED /* SceneDelegate.swift */ = {isa = PBXFileReference; lastKnownFileType = sourcecode.swift; path = SceneDelegate.swift; sourceTree = "<group>"; };
		DC72B20627E9B6AF0087F8ED /* WeatherViewController.swift */ = {isa = PBXFileReference; lastKnownFileType = sourcecode.swift; path = WeatherViewController.swift; sourceTree = "<group>"; };
		DC72B20927E9B6AF0087F8ED /* Base */ = {isa = PBXFileReference; lastKnownFileType = file.storyboard; name = Base; path = Base.lproj/Main.storyboard; sourceTree = "<group>"; };
		DC72B20C27E9B6AF0087F8ED /* HiWeather.xcdatamodel */ = {isa = PBXFileReference; lastKnownFileType = wrapper.xcdatamodel; path = HiWeather.xcdatamodel; sourceTree = "<group>"; };
		DC72B20E27E9B6B00087F8ED /* Assets.xcassets */ = {isa = PBXFileReference; lastKnownFileType = folder.assetcatalog; path = Assets.xcassets; sourceTree = "<group>"; };
		DC72B21127E9B6B00087F8ED /* Base */ = {isa = PBXFileReference; lastKnownFileType = file.storyboard; name = Base; path = Base.lproj/LaunchScreen.storyboard; sourceTree = "<group>"; };
		DC72B21327E9B6B00087F8ED /* Info.plist */ = {isa = PBXFileReference; lastKnownFileType = text.plist.xml; path = Info.plist; sourceTree = "<group>"; };
		DC72B21827E9B6B00087F8ED /* HiWeatherTests.xctest */ = {isa = PBXFileReference; explicitFileType = wrapper.cfbundle; includeInIndex = 0; path = HiWeatherTests.xctest; sourceTree = BUILT_PRODUCTS_DIR; };
		DC72B21C27E9B6B00087F8ED /* HiWeatherTests.swift */ = {isa = PBXFileReference; lastKnownFileType = sourcecode.swift; path = HiWeatherTests.swift; sourceTree = "<group>"; };
		DC72B22227E9B6B00087F8ED /* HiWeatherUITests.xctest */ = {isa = PBXFileReference; explicitFileType = wrapper.cfbundle; includeInIndex = 0; path = HiWeatherUITests.xctest; sourceTree = BUILT_PRODUCTS_DIR; };
		DC72B22627E9B6B00087F8ED /* HiWeatherUITests.swift */ = {isa = PBXFileReference; lastKnownFileType = sourcecode.swift; path = HiWeatherUITests.swift; sourceTree = "<group>"; };
		DC72B22827E9B6B00087F8ED /* HiWeatherUITestsLaunchTests.swift */ = {isa = PBXFileReference; lastKnownFileType = sourcecode.swift; path = HiWeatherUITestsLaunchTests.swift; sourceTree = "<group>"; };
/* End PBXFileReference section */

/* Begin PBXFrameworksBuildPhase section */
		DC72B1FC27E9B6AF0087F8ED /* Frameworks */ = {
			isa = PBXFrameworksBuildPhase;
			buildActionMask = 2147483647;
			files = (
			);
			runOnlyForDeploymentPostprocessing = 0;
		};
		DC72B21527E9B6B00087F8ED /* Frameworks */ = {
			isa = PBXFrameworksBuildPhase;
			buildActionMask = 2147483647;
			files = (
			);
			runOnlyForDeploymentPostprocessing = 0;
		};
		DC72B21F27E9B6B00087F8ED /* Frameworks */ = {
			isa = PBXFrameworksBuildPhase;
			buildActionMask = 2147483647;
			files = (
			);
			runOnlyForDeploymentPostprocessing = 0;
		};
/* End PBXFrameworksBuildPhase section */

/* Begin PBXGroup section */
		DC35B54C281F97050051DFF4 /* Controller */ = {
			isa = PBXGroup;
			children = (
				DC72B20627E9B6AF0087F8ED /* WeatherViewController.swift */,
			);
			path = Controller;
			sourceTree = "<group>";
		};
		DC35B54D281F97160051DFF4 /* View */ = {
			isa = PBXGroup;
			children = (
				DC7272A3282F8CF70074AE71 /* HourlyCell */,
				DC72B20827E9B6AF0087F8ED /* Main.storyboard */,
				DC3883FB28213F2000AD8E3C /* SearchCell */,
				DC3883FC28213F3000AD8E3C /* CurrentWeatherCell */,
			);
			path = View;
			sourceTree = "<group>";
		};
		DC35B54E281F97240051DFF4 /* Model */ = {
			isa = PBXGroup;
			children = (
			);
			path = Model;
			sourceTree = "<group>";
		};
		DC3883FB28213F2000AD8E3C /* SearchCell */ = {
			isa = PBXGroup;
			children = (
				DC3883F52821355300AD8E3C /* SearchCell.swift */,
				DC3883F62821355300AD8E3C /* SearchCell.xib */,
			);
			path = SearchCell;
			sourceTree = "<group>";
		};
		DC3883FC28213F3000AD8E3C /* CurrentWeatherCell */ = {
			isa = PBXGroup;
			children = (
				DC3883FD28213F5700AD8E3C /* currentWeatherCell.swift */,
				DC3883FE28213F5700AD8E3C /* currentWeatherCell.xib */,
			);
			path = CurrentWeatherCell;
			sourceTree = "<group>";
		};
		DC7272A3282F8CF70074AE71 /* HourlyCell */ = {
			isa = PBXGroup;
			children = (
				DC7272A4282F8D580074AE71 /* hourlyTableViewCell.swift */,
				DC7272A5282F8D580074AE71 /* hourlyTableViewCell.xib */,
				DC7272A8282F8E690074AE71 /* HourlyCollectionViewCell */,
			);
			path = HourlyCell;
			sourceTree = "<group>";
		};
		DC7272A8282F8E690074AE71 /* HourlyCollectionViewCell */ = {
			isa = PBXGroup;
			children = (
				DC7272A9282F8E920074AE71 /* hourlyCollectionViewCell.swift */,
				DC7272AA282F8E920074AE71 /* hourlyCollectionViewCell.xib */,
			);
			path = HourlyCollectionViewCell;
			sourceTree = "<group>";
		};
		DC72B1F627E9B6AF0087F8ED = {
			isa = PBXGroup;
			children = (
				DC72B20127E9B6AF0087F8ED /* HiWeather */,
				DC72B21B27E9B6B00087F8ED /* HiWeatherTests */,
				DC72B22527E9B6B00087F8ED /* HiWeatherUITests */,
				DC72B20027E9B6AF0087F8ED /* Products */,
			);
			sourceTree = "<group>";
		};
		DC72B20027E9B6AF0087F8ED /* Products */ = {
			isa = PBXGroup;
			children = (
				DC72B1FF27E9B6AF0087F8ED /* HiWeather.app */,
				DC72B21827E9B6B00087F8ED /* HiWeatherTests.xctest */,
				DC72B22227E9B6B00087F8ED /* HiWeatherUITests.xctest */,
			);
			name = Products;
			sourceTree = "<group>";
		};
		DC72B20127E9B6AF0087F8ED /* HiWeather */ = {
			isa = PBXGroup;
			children = (
				DC72B20227E9B6AF0087F8ED /* AppDelegate.swift */,
				DC72B20427E9B6AF0087F8ED /* SceneDelegate.swift */,
				DC35B54E281F97240051DFF4 /* Model */,
				DC35B54D281F97160051DFF4 /* View */,
				DC35B54C281F97050051DFF4 /* Controller */,
				DC72B20E27E9B6B00087F8ED /* Assets.xcassets */,
				DC72B21027E9B6B00087F8ED /* LaunchScreen.storyboard */,
				DC72B21327E9B6B00087F8ED /* Info.plist */,
				DC72B20B27E9B6AF0087F8ED /* HiWeather.xcdatamodeld */,
				DC3883F9282139BB00AD8E3C /* Constants.swift */,
			);
			path = HiWeather;
			sourceTree = "<group>";
		};
		DC72B21B27E9B6B00087F8ED /* HiWeatherTests */ = {
			isa = PBXGroup;
			children = (
				DC72B21C27E9B6B00087F8ED /* HiWeatherTests.swift */,
			);
			path = HiWeatherTests;
			sourceTree = "<group>";
		};
		DC72B22527E9B6B00087F8ED /* HiWeatherUITests */ = {
			isa = PBXGroup;
			children = (
				DC72B22627E9B6B00087F8ED /* HiWeatherUITests.swift */,
				DC72B22827E9B6B00087F8ED /* HiWeatherUITestsLaunchTests.swift */,
			);
			path = HiWeatherUITests;
			sourceTree = "<group>";
		};
/* End PBXGroup section */

/* Begin PBXNativeTarget section */
		DC72B1FE27E9B6AF0087F8ED /* HiWeather */ = {
			isa = PBXNativeTarget;
			buildConfigurationList = DC72B22C27E9B6B00087F8ED /* Build configuration list for PBXNativeTarget "HiWeather" */;
			buildPhases = (
				DC72B1FB27E9B6AF0087F8ED /* Sources */,
				DC72B1FC27E9B6AF0087F8ED /* Frameworks */,
				DC72B1FD27E9B6AF0087F8ED /* Resources */,
			);
			buildRules = (
			);
			dependencies = (
			);
			name = HiWeather;
			productName = HiWeather;
			productReference = DC72B1FF27E9B6AF0087F8ED /* HiWeather.app */;
			productType = "com.apple.product-type.application";
		};
		DC72B21727E9B6B00087F8ED /* HiWeatherTests */ = {
			isa = PBXNativeTarget;
			buildConfigurationList = DC72B22F27E9B6B00087F8ED /* Build configuration list for PBXNativeTarget "HiWeatherTests" */;
			buildPhases = (
				DC72B21427E9B6B00087F8ED /* Sources */,
				DC72B21527E9B6B00087F8ED /* Frameworks */,
				DC72B21627E9B6B00087F8ED /* Resources */,
			);
			buildRules = (
			);
			dependencies = (
				DC72B21A27E9B6B00087F8ED /* PBXTargetDependency */,
			);
			name = HiWeatherTests;
			productName = HiWeatherTests;
			productReference = DC72B21827E9B6B00087F8ED /* HiWeatherTests.xctest */;
			productType = "com.apple.product-type.bundle.unit-test";
		};
		DC72B22127E9B6B00087F8ED /* HiWeatherUITests */ = {
			isa = PBXNativeTarget;
			buildConfigurationList = DC72B23227E9B6B00087F8ED /* Build configuration list for PBXNativeTarget "HiWeatherUITests" */;
			buildPhases = (
				DC72B21E27E9B6B00087F8ED /* Sources */,
				DC72B21F27E9B6B00087F8ED /* Frameworks */,
				DC72B22027E9B6B00087F8ED /* Resources */,
			);
			buildRules = (
			);
			dependencies = (
				DC72B22427E9B6B00087F8ED /* PBXTargetDependency */,
			);
			name = HiWeatherUITests;
			productName = HiWeatherUITests;
			productReference = DC72B22227E9B6B00087F8ED /* HiWeatherUITests.xctest */;
			productType = "com.apple.product-type.bundle.ui-testing";
		};
/* End PBXNativeTarget section */

/* Begin PBXProject section */
		DC72B1F727E9B6AF0087F8ED /* Project object */ = {
			isa = PBXProject;
			attributes = {
				BuildIndependentTargetsInParallel = 1;
				LastSwiftUpdateCheck = 1320;
				LastUpgradeCheck = 1320;
				TargetAttributes = {
					DC72B1FE27E9B6AF0087F8ED = {
						CreatedOnToolsVersion = 13.2.1;
					};
					DC72B21727E9B6B00087F8ED = {
						CreatedOnToolsVersion = 13.2.1;
						TestTargetID = DC72B1FE27E9B6AF0087F8ED;
					};
					DC72B22127E9B6B00087F8ED = {
						CreatedOnToolsVersion = 13.2.1;
						TestTargetID = DC72B1FE27E9B6AF0087F8ED;
					};
				};
			};
			buildConfigurationList = DC72B1FA27E9B6AF0087F8ED /* Build configuration list for PBXProject "HiWeather" */;
			compatibilityVersion = "Xcode 13.0";
			developmentRegion = en;
			hasScannedForEncodings = 0;
			knownRegions = (
				en,
				Base,
			);
			mainGroup = DC72B1F627E9B6AF0087F8ED;
			productRefGroup = DC72B20027E9B6AF0087F8ED /* Products */;
			projectDirPath = "";
			projectRoot = "";
			targets = (
				DC72B1FE27E9B6AF0087F8ED /* HiWeather */,
				DC72B21727E9B6B00087F8ED /* HiWeatherTests */,
				DC72B22127E9B6B00087F8ED /* HiWeatherUITests */,
			);
		};
/* End PBXProject section */

/* Begin PBXResourcesBuildPhase section */
		DC72B1FD27E9B6AF0087F8ED /* Resources */ = {
			isa = PBXResourcesBuildPhase;
			buildActionMask = 2147483647;
			files = (
				DC72B21227E9B6B00087F8ED /* LaunchScreen.storyboard in Resources */,
				DC38840028213F5700AD8E3C /* currentWeatherCell.xib in Resources */,
				DC3883F82821355300AD8E3C /* SearchCell.xib in Resources */,
				DC7272AC282F8E920074AE71 /* hourlyCollectionViewCell.xib in Resources */,
				DC72B20F27E9B6B00087F8ED /* Assets.xcassets in Resources */,
				DC7272A7282F8D580074AE71 /* hourlyTableViewCell.xib in Resources */,
				DC72B20A27E9B6AF0087F8ED /* Main.storyboard in Resources */,
			);
			runOnlyForDeploymentPostprocessing = 0;
		};
		DC72B21627E9B6B00087F8ED /* Resources */ = {
			isa = PBXResourcesBuildPhase;
			buildActionMask = 2147483647;
			files = (
			);
			runOnlyForDeploymentPostprocessing = 0;
		};
		DC72B22027E9B6B00087F8ED /* Resources */ = {
			isa = PBXResourcesBuildPhase;
			buildActionMask = 2147483647;
			files = (
			);
			runOnlyForDeploymentPostprocessing = 0;
		};
/* End PBXResourcesBuildPhase section */

/* Begin PBXSourcesBuildPhase section */
		DC72B1FB27E9B6AF0087F8ED /* Sources */ = {
			isa = PBXSourcesBuildPhase;
			buildActionMask = 2147483647;
			files = (
				DC72B20727E9B6AF0087F8ED /* WeatherViewController.swift in Sources */,
				DC7272AB282F8E920074AE71 /* hourlyCollectionViewCell.swift in Sources */,
				DC3883F72821355300AD8E3C /* SearchCell.swift in Sources */,
				DC7272A6282F8D580074AE71 /* hourlyTableViewCell.swift in Sources */,
				DC72B20327E9B6AF0087F8ED /* AppDelegate.swift in Sources */,
				DC72B20527E9B6AF0087F8ED /* SceneDelegate.swift in Sources */,
				DC72B20D27E9B6AF0087F8ED /* HiWeather.xcdatamodeld in Sources */,
				DC3883FF28213F5700AD8E3C /* currentWeatherCell.swift in Sources */,
				DC3883FA282139BB00AD8E3C /* Constants.swift in Sources */,
			);
			runOnlyForDeploymentPostprocessing = 0;
		};
		DC72B21427E9B6B00087F8ED /* Sources */ = {
			isa = PBXSourcesBuildPhase;
			buildActionMask = 2147483647;
			files = (
				DC72B21D27E9B6B00087F8ED /* HiWeatherTests.swift in Sources */,
			);
			runOnlyForDeploymentPostprocessing = 0;
		};
		DC72B21E27E9B6B00087F8ED /* Sources */ = {
			isa = PBXSourcesBuildPhase;
			buildActionMask = 2147483647;
			files = (
				DC72B22927E9B6B00087F8ED /* HiWeatherUITestsLaunchTests.swift in Sources */,
				DC72B22727E9B6B00087F8ED /* HiWeatherUITests.swift in Sources */,
			);
			runOnlyForDeploymentPostprocessing = 0;
		};
/* End PBXSourcesBuildPhase section */

/* Begin PBXTargetDependency section */
		DC72B21A27E9B6B00087F8ED /* PBXTargetDependency */ = {
			isa = PBXTargetDependency;
			target = DC72B1FE27E9B6AF0087F8ED /* HiWeather */;
			targetProxy = DC72B21927E9B6B00087F8ED /* PBXContainerItemProxy */;
		};
		DC72B22427E9B6B00087F8ED /* PBXTargetDependency */ = {
			isa = PBXTargetDependency;
			target = DC72B1FE27E9B6AF0087F8ED /* HiWeather */;
			targetProxy = DC72B22327E9B6B00087F8ED /* PBXContainerItemProxy */;
		};
/* End PBXTargetDependency section */

/* Begin PBXVariantGroup section */
		DC72B20827E9B6AF0087F8ED /* Main.storyboard */ = {
			isa = PBXVariantGroup;
			children = (
				DC72B20927E9B6AF0087F8ED /* Base */,
			);
			name = Main.storyboard;
			sourceTree = "<group>";
		};
		DC72B21027E9B6B00087F8ED /* LaunchScreen.storyboard */ = {
			isa = PBXVariantGroup;
			children = (
				DC72B21127E9B6B00087F8ED /* Base */,
			);
			name = LaunchScreen.storyboard;
			sourceTree = "<group>";
		};
/* End PBXVariantGroup section */

/* Begin XCBuildConfiguration section */
		DC72B22A27E9B6B00087F8ED /* Debug */ = {
			isa = XCBuildConfiguration;
			buildSettings = {
				ALWAYS_SEARCH_USER_PATHS = NO;
				CLANG_ANALYZER_NONNULL = YES;
				CLANG_ANALYZER_NUMBER_OBJECT_CONVERSION = YES_AGGRESSIVE;
				CLANG_CXX_LANGUAGE_STANDARD = "gnu++17";
				CLANG_CXX_LIBRARY = "libc++";
				CLANG_ENABLE_MODULES = YES;
				CLANG_ENABLE_OBJC_ARC = YES;
				CLANG_ENABLE_OBJC_WEAK = YES;
				CLANG_WARN_BLOCK_CAPTURE_AUTORELEASING = YES;
				CLANG_WARN_BOOL_CONVERSION = YES;
				CLANG_WARN_COMMA = YES;
				CLANG_WARN_CONSTANT_CONVERSION = YES;
				CLANG_WARN_DEPRECATED_OBJC_IMPLEMENTATIONS = YES;
				CLANG_WARN_DIRECT_OBJC_ISA_USAGE = YES_ERROR;
				CLANG_WARN_DOCUMENTATION_COMMENTS = YES;
				CLANG_WARN_EMPTY_BODY = YES;
				CLANG_WARN_ENUM_CONVERSION = YES;
				CLANG_WARN_INFINITE_RECURSION = YES;
				CLANG_WARN_INT_CONVERSION = YES;
				CLANG_WARN_NON_LITERAL_NULL_CONVERSION = YES;
				CLANG_WARN_OBJC_IMPLICIT_RETAIN_SELF = YES;
				CLANG_WARN_OBJC_LITERAL_CONVERSION = YES;
				CLANG_WARN_OBJC_ROOT_CLASS = YES_ERROR;
				CLANG_WARN_QUOTED_INCLUDE_IN_FRAMEWORK_HEADER = YES;
				CLANG_WARN_RANGE_LOOP_ANALYSIS = YES;
				CLANG_WARN_STRICT_PROTOTYPES = YES;
				CLANG_WARN_SUSPICIOUS_MOVE = YES;
				CLANG_WARN_UNGUARDED_AVAILABILITY = YES_AGGRESSIVE;
				CLANG_WARN_UNREACHABLE_CODE = YES;
				CLANG_WARN__DUPLICATE_METHOD_MATCH = YES;
				COPY_PHASE_STRIP = NO;
				DEBUG_INFORMATION_FORMAT = dwarf;
				ENABLE_STRICT_OBJC_MSGSEND = YES;
				ENABLE_TESTABILITY = YES;
				GCC_C_LANGUAGE_STANDARD = gnu11;
				GCC_DYNAMIC_NO_PIC = NO;
				GCC_NO_COMMON_BLOCKS = YES;
				GCC_OPTIMIZATION_LEVEL = 0;
				GCC_PREPROCESSOR_DEFINITIONS = (
					"DEBUG=1",
					"$(inherited)",
				);
				GCC_WARN_64_TO_32_BIT_CONVERSION = YES;
				GCC_WARN_ABOUT_RETURN_TYPE = YES_ERROR;
				GCC_WARN_UNDECLARED_SELECTOR = YES;
				GCC_WARN_UNINITIALIZED_AUTOS = YES_AGGRESSIVE;
				GCC_WARN_UNUSED_FUNCTION = YES;
				GCC_WARN_UNUSED_VARIABLE = YES;
				IPHONEOS_DEPLOYMENT_TARGET = 15.2;
				MTL_ENABLE_DEBUG_INFO = INCLUDE_SOURCE;
				MTL_FAST_MATH = YES;
				ONLY_ACTIVE_ARCH = YES;
				SDKROOT = iphoneos;
				SWIFT_ACTIVE_COMPILATION_CONDITIONS = DEBUG;
				SWIFT_OPTIMIZATION_LEVEL = "-Onone";
			};
			name = Debug;
		};
		DC72B22B27E9B6B00087F8ED /* Release */ = {
			isa = XCBuildConfiguration;
			buildSettings = {
				ALWAYS_SEARCH_USER_PATHS = NO;
				CLANG_ANALYZER_NONNULL = YES;
				CLANG_ANALYZER_NUMBER_OBJECT_CONVERSION = YES_AGGRESSIVE;
				CLANG_CXX_LANGUAGE_STANDARD = "gnu++17";
				CLANG_CXX_LIBRARY = "libc++";
				CLANG_ENABLE_MODULES = YES;
				CLANG_ENABLE_OBJC_ARC = YES;
				CLANG_ENABLE_OBJC_WEAK = YES;
				CLANG_WARN_BLOCK_CAPTURE_AUTORELEASING = YES;
				CLANG_WARN_BOOL_CONVERSION = YES;
				CLANG_WARN_COMMA = YES;
				CLANG_WARN_CONSTANT_CONVERSION = YES;
				CLANG_WARN_DEPRECATED_OBJC_IMPLEMENTATIONS = YES;
				CLANG_WARN_DIRECT_OBJC_ISA_USAGE = YES_ERROR;
				CLANG_WARN_DOCUMENTATION_COMMENTS = YES;
				CLANG_WARN_EMPTY_BODY = YES;
				CLANG_WARN_ENUM_CONVERSION = YES;
				CLANG_WARN_INFINITE_RECURSION = YES;
				CLANG_WARN_INT_CONVERSION = YES;
				CLANG_WARN_NON_LITERAL_NULL_CONVERSION = YES;
				CLANG_WARN_OBJC_IMPLICIT_RETAIN_SELF = YES;
				CLANG_WARN_OBJC_LITERAL_CONVERSION = YES;
				CLANG_WARN_OBJC_ROOT_CLASS = YES_ERROR;
				CLANG_WARN_QUOTED_INCLUDE_IN_FRAMEWORK_HEADER = YES;
				CLANG_WARN_RANGE_LOOP_ANALYSIS = YES;
				CLANG_WARN_STRICT_PROTOTYPES = YES;
				CLANG_WARN_SUSPICIOUS_MOVE = YES;
				CLANG_WARN_UNGUARDED_AVAILABILITY = YES_AGGRESSIVE;
				CLANG_WARN_UNREACHABLE_CODE = YES;
				CLANG_WARN__DUPLICATE_METHOD_MATCH = YES;
				COPY_PHASE_STRIP = NO;
				DEBUG_INFORMATION_FORMAT = "dwarf-with-dsym";
				ENABLE_NS_ASSERTIONS = NO;
				ENABLE_STRICT_OBJC_MSGSEND = YES;
				GCC_C_LANGUAGE_STANDARD = gnu11;
				GCC_NO_COMMON_BLOCKS = YES;
				GCC_WARN_64_TO_32_BIT_CONVERSION = YES;
				GCC_WARN_ABOUT_RETURN_TYPE = YES_ERROR;
				GCC_WARN_UNDECLARED_SELECTOR = YES;
				GCC_WARN_UNINITIALIZED_AUTOS = YES_AGGRESSIVE;
				GCC_WARN_UNUSED_FUNCTION = YES;
				GCC_WARN_UNUSED_VARIABLE = YES;
				IPHONEOS_DEPLOYMENT_TARGET = 15.2;
				MTL_ENABLE_DEBUG_INFO = NO;
				MTL_FAST_MATH = YES;
				SDKROOT = iphoneos;
				SWIFT_COMPILATION_MODE = wholemodule;
				SWIFT_OPTIMIZATION_LEVEL = "-O";
				VALIDATE_PRODUCT = YES;
			};
			name = Release;
		};
		DC72B22D27E9B6B00087F8ED /* Debug */ = {
			isa = XCBuildConfiguration;
			buildSettings = {
				ASSETCATALOG_COMPILER_APPICON_NAME = AppIcon;
				ASSETCATALOG_COMPILER_GLOBAL_ACCENT_COLOR_NAME = AccentColor;
				CODE_SIGN_STYLE = Automatic;
				CURRENT_PROJECT_VERSION = 1;
				DEVELOPMENT_TEAM = 34JS69S5XZ;
				GENERATE_INFOPLIST_FILE = YES;
				INFOPLIST_FILE = HiWeather/Info.plist;
				INFOPLIST_KEY_UIApplicationSupportsIndirectInputEvents = YES;
				INFOPLIST_KEY_UILaunchStoryboardName = LaunchScreen;
				INFOPLIST_KEY_UIMainStoryboardFile = Main;
				INFOPLIST_KEY_UISupportedInterfaceOrientations_iPad = "UIInterfaceOrientationPortrait UIInterfaceOrientationPortraitUpsideDown UIInterfaceOrientationLandscapeLeft UIInterfaceOrientationLandscapeRight";
				INFOPLIST_KEY_UISupportedInterfaceOrientations_iPhone = "UIInterfaceOrientationPortrait UIInterfaceOrientationLandscapeLeft UIInterfaceOrientationLandscapeRight";
				LD_RUNPATH_SEARCH_PATHS = (
					"$(inherited)",
					"@executable_path/Frameworks",
				);
				MARKETING_VERSION = 1.0;
				PRODUCT_BUNDLE_IDENTIFIER = com.cordercollie.ios.HiWeather0;
				PRODUCT_NAME = "$(TARGET_NAME)";
				SWIFT_EMIT_LOC_STRINGS = YES;
				SWIFT_VERSION = 5.0;
				TARGETED_DEVICE_FAMILY = "1,2";
			};
			name = Debug;
		};
		DC72B22E27E9B6B00087F8ED /* Release */ = {
			isa = XCBuildConfiguration;
			buildSettings = {
				ASSETCATALOG_COMPILER_APPICON_NAME = AppIcon;
				ASSETCATALOG_COMPILER_GLOBAL_ACCENT_COLOR_NAME = AccentColor;
				CODE_SIGN_STYLE = Automatic;
				CURRENT_PROJECT_VERSION = 1;
				DEVELOPMENT_TEAM = 34JS69S5XZ;
				GENERATE_INFOPLIST_FILE = YES;
				INFOPLIST_FILE = HiWeather/Info.plist;
				INFOPLIST_KEY_UIApplicationSupportsIndirectInputEvents = YES;
				INFOPLIST_KEY_UILaunchStoryboardName = LaunchScreen;
				INFOPLIST_KEY_UIMainStoryboardFile = Main;
				INFOPLIST_KEY_UISupportedInterfaceOrientations_iPad = "UIInterfaceOrientationPortrait UIInterfaceOrientationPortraitUpsideDown UIInterfaceOrientationLandscapeLeft UIInterfaceOrientationLandscapeRight";
				INFOPLIST_KEY_UISupportedInterfaceOrientations_iPhone = "UIInterfaceOrientationPortrait UIInterfaceOrientationLandscapeLeft UIInterfaceOrientationLandscapeRight";
				LD_RUNPATH_SEARCH_PATHS = (
					"$(inherited)",
					"@executable_path/Frameworks",
				);
				MARKETING_VERSION = 1.0;
				PRODUCT_BUNDLE_IDENTIFIER = com.cordercollie.ios.HiWeather0;
				PRODUCT_NAME = "$(TARGET_NAME)";
				SWIFT_EMIT_LOC_STRINGS = YES;
				SWIFT_VERSION = 5.0;
				TARGETED_DEVICE_FAMILY = "1,2";
			};
			name = Release;
		};
		DC72B23027E9B6B00087F8ED /* Debug */ = {
			isa = XCBuildConfiguration;
			buildSettings = {
				ALWAYS_EMBED_SWIFT_STANDARD_LIBRARIES = YES;
				BUNDLE_LOADER = "$(TEST_HOST)";
				CODE_SIGN_STYLE = Automatic;
				CURRENT_PROJECT_VERSION = 1;
				DEVELOPMENT_TEAM = 34JS69S5XZ;
				GENERATE_INFOPLIST_FILE = YES;
				IPHONEOS_DEPLOYMENT_TARGET = 15.2;
				MARKETING_VERSION = 1.0;
				PRODUCT_BUNDLE_IDENTIFIER = com.cordercollie.ios.HiWeatherTests;
				PRODUCT_NAME = "$(TARGET_NAME)";
				SWIFT_EMIT_LOC_STRINGS = NO;
				SWIFT_VERSION = 5.0;
				TARGETED_DEVICE_FAMILY = "1,2";
				TEST_HOST = "$(BUILT_PRODUCTS_DIR)/HiWeather.app/HiWeather";
			};
			name = Debug;
		};
		DC72B23127E9B6B00087F8ED /* Release */ = {
			isa = XCBuildConfiguration;
			buildSettings = {
				ALWAYS_EMBED_SWIFT_STANDARD_LIBRARIES = YES;
				BUNDLE_LOADER = "$(TEST_HOST)";
				CODE_SIGN_STYLE = Automatic;
				CURRENT_PROJECT_VERSION = 1;
				DEVELOPMENT_TEAM = 34JS69S5XZ;
				GENERATE_INFOPLIST_FILE = YES;
				IPHONEOS_DEPLOYMENT_TARGET = 15.2;
				MARKETING_VERSION = 1.0;
				PRODUCT_BUNDLE_IDENTIFIER = com.cordercollie.ios.HiWeatherTests;
				PRODUCT_NAME = "$(TARGET_NAME)";
				SWIFT_EMIT_LOC_STRINGS = NO;
				SWIFT_VERSION = 5.0;
				TARGETED_DEVICE_FAMILY = "1,2";
				TEST_HOST = "$(BUILT_PRODUCTS_DIR)/HiWeather.app/HiWeather";
			};
			name = Release;
		};
		DC72B23327E9B6B00087F8ED /* Debug */ = {
			isa = XCBuildConfiguration;
			buildSettings = {
				ALWAYS_EMBED_SWIFT_STANDARD_LIBRARIES = YES;
				CODE_SIGN_STYLE = Automatic;
				CURRENT_PROJECT_VERSION = 1;
				DEVELOPMENT_TEAM = 34JS69S5XZ;
				GENERATE_INFOPLIST_FILE = YES;
				MARKETING_VERSION = 1.0;
				PRODUCT_BUNDLE_IDENTIFIER = com.cordercollie.ios.HiWeatherUITests;
				PRODUCT_NAME = "$(TARGET_NAME)";
				SWIFT_EMIT_LOC_STRINGS = NO;
				SWIFT_VERSION = 5.0;
				TARGETED_DEVICE_FAMILY = "1,2";
				TEST_TARGET_NAME = HiWeather;
			};
			name = Debug;
		};
		DC72B23427E9B6B00087F8ED /* Release */ = {
			isa = XCBuildConfiguration;
			buildSettings = {
				ALWAYS_EMBED_SWIFT_STANDARD_LIBRARIES = YES;
				CODE_SIGN_STYLE = Automatic;
				CURRENT_PROJECT_VERSION = 1;
				DEVELOPMENT_TEAM = 34JS69S5XZ;
				GENERATE_INFOPLIST_FILE = YES;
				MARKETING_VERSION = 1.0;
				PRODUCT_BUNDLE_IDENTIFIER = com.cordercollie.ios.HiWeatherUITests;
				PRODUCT_NAME = "$(TARGET_NAME)";
				SWIFT_EMIT_LOC_STRINGS = NO;
				SWIFT_VERSION = 5.0;
				TARGETED_DEVICE_FAMILY = "1,2";
				TEST_TARGET_NAME = HiWeather;
			};
			name = Release;
		};
/* End XCBuildConfiguration section */

/* Begin XCConfigurationList section */
		DC72B1FA27E9B6AF0087F8ED /* Build configuration list for PBXProject "HiWeather" */ = {
			isa = XCConfigurationList;
			buildConfigurations = (
				DC72B22A27E9B6B00087F8ED /* Debug */,
				DC72B22B27E9B6B00087F8ED /* Release */,
			);
			defaultConfigurationIsVisible = 0;
			defaultConfigurationName = Release;
		};
		DC72B22C27E9B6B00087F8ED /* Build configuration list for PBXNativeTarget "HiWeather" */ = {
			isa = XCConfigurationList;
			buildConfigurations = (
				DC72B22D27E9B6B00087F8ED /* Debug */,
				DC72B22E27E9B6B00087F8ED /* Release */,
			);
			defaultConfigurationIsVisible = 0;
			defaultConfigurationName = Release;
		};
		DC72B22F27E9B6B00087F8ED /* Build configuration list for PBXNativeTarget "HiWeatherTests" */ = {
			isa = XCConfigurationList;
			buildConfigurations = (
				DC72B23027E9B6B00087F8ED /* Debug */,
				DC72B23127E9B6B00087F8ED /* Release */,
			);
			defaultConfigurationIsVisible = 0;
			defaultConfigurationName = Release;
		};
		DC72B23227E9B6B00087F8ED /* Build configuration list for PBXNativeTarget "HiWeatherUITests" */ = {
			isa = XCConfigurationList;
			buildConfigurations = (
				DC72B23327E9B6B00087F8ED /* Debug */,
				DC72B23427E9B6B00087F8ED /* Release */,
			);
			defaultConfigurationIsVisible = 0;
			defaultConfigurationName = Release;
		};
/* End XCConfigurationList section */

/* Begin XCVersionGroup section */
		DC72B20B27E9B6AF0087F8ED /* HiWeather.xcdatamodeld */ = {
			isa = XCVersionGroup;
			children = (
				DC72B20C27E9B6AF0087F8ED /* HiWeather.xcdatamodel */,
			);
			currentVersion = DC72B20C27E9B6AF0087F8ED /* HiWeather.xcdatamodel */;
			path = HiWeather.xcdatamodeld;
			sourceTree = "<group>";
			versionGroupType = wrapper.xcdatamodel;
		};
/* End XCVersionGroup section */
	};
	rootObject = DC72B1F727E9B6AF0087F8ED /* Project object */;
}
